
Microsoft Visual Studio Solution File, Format Version 12.00
# Visual Studio Version 17
VisualStudioVersion = 17.13.35825.156 d17.13
MinimumVisualStudioVersion = 10.0.40219.1
Project("{FAE04EC0-301F-11D3-BF4B-00C04F79EFBC}") = "22806012222_PhamNgocHuy_S3_B3", "22806012222_PhamNgocHuy_S3_B3\22806012222_PhamNgocHuy_S3_B3.csproj", "{862C570A-C960-4C41-84FF-B6BB2FE6126F}"
EndProject
Global
	GlobalSection(SolutionConfigurationPlatforms) = preSolution
		Debug|Any CPU = Debug|Any CPU
		Release|Any CPU = Release|Any CPU
	EndGlobalSection
	GlobalSection(ProjectConfigurationPlatforms) = postSolution
		{862C570A-C960-4C41-84FF-B6BB2FE6126F}.Debug|Any CPU.ActiveCfg = Debug|Any CPU
		{862C570A-C960-4C41-84FF-B6BB2FE6126F}.Debug|Any CPU.Build.0 = Debug|Any CPU
		{862C570A-C960-4C41-84FF-B6BB2FE6126F}.Release|Any CPU.ActiveCfg = Release|Any CPU
		{862C570A-C960-4C41-84FF-B6BB2FE6126F}.Release|Any CPU.Build.0 = Release|Any CPU
	EndGlobalSection
	GlobalSection(SolutionProperties) = preSolution
		HideSolutionNode = FALSE
	EndGlobalSection
	GlobalSection(ExtensibilityGlobals) = postSolution
		SolutionGuid = {3D83F443-3451-431C-8C6C-7072EB72B6DD}
	EndGlobalSection
EndGlobal
